# THIS IS AN AUTOGENERATED FILE. DO NOT EDIT THIS FILE DIRECTLY.
# yarn lockfile v1


"@chinese-fonts/font-contours@^1.0.0":
  version "1.0.0"
  resolved "https://registry.yarnpkg.com/@chinese-fonts/font-contours/-/font-contours-1.0.0.tgz#37cf2147652616a22e7046263daaf98748bfac81"
  integrity sha512-KJx2DuJEJ24horFEEXhmkxaBbDFEU6kdI5/eFQ6PJd2LJMEYV6/6/Rl9APS0UTA+KLTnZUG/IJleZ5f5fSA00g==

"@chinese-fonts/wawoff2@2.0.6":
  version "2.0.6"
  resolved "https://registry.yarnpkg.com/@chinese-fonts/wawoff2/-/wawoff2-2.0.6.tgz#7daa1a6a68f35f8922b547e5d26b35c4e79690c1"
  integrity sha512-VOzIHX/qeAn0XWyaMRNuLVl3yqhpWNHPw9k28pjP2ThjrXYBV+YaJTnb1kJwoM+Nduda0KZNxWPX4esjqomaCg==

"@emnapi/core@^1.1.0":
  version "1.2.0"
  resolved "https://registry.yarnpkg.com/@emnapi/core/-/core-1.2.0.tgz#7b738e5033738132bf6af0b8fae7b05249bdcbd7"
  integrity sha512-E7Vgw78I93we4ZWdYCb4DGAwRROGkMIXk7/y87UmANR+J6qsWusmC3gLt0H+O0KOt5e6O38U8oJamgbudrES/w==
  dependencies:
    "@emnapi/wasi-threads" "1.0.1"
    tslib "^2.4.0"

"@emnapi/runtime@^1.1.0":
  version "1.2.0"
  resolved "https://registry.yarnpkg.com/@emnapi/runtime/-/runtime-1.2.0.tgz#71d018546c3a91f3b51106530edbc056b9f2f2e3"
  integrity sha512-bV21/9LQmcQeCPEg3BDFtvwL6cwiTMksYNWQQ4KOxCZikEGalWtenoZ0wCiukJINlGCIi2KXx01g4FoH/LxpzQ==
  dependencies:
    tslib "^2.4.0"

"@emnapi/wasi-threads@1.0.1":
  version "1.0.1"
  resolved "https://registry.yarnpkg.com/@emnapi/wasi-threads/-/wasi-threads-1.0.1.tgz#d7ae71fd2166b1c916c6cd2d0df2ef565a2e1a5b"
  integrity sha512-iIBu7mwkq4UQGeMEM8bLwNK962nXdhodeScX4slfQnRhEMMzvYivHhutCIk8uojvmASXXPC2WNEjwxFWk72Oqw==
  dependencies:
    tslib "^2.4.0"

"@japont/unicode-range@^1.0.0":
  version "1.0.0"
  resolved "https://registry.yarnpkg.com/@japont/unicode-range/-/unicode-range-1.0.0.tgz#0588967438e03a57c6e2752854995bc1366dc752"
  integrity sha512-BckHvA2XdjRBVAWe2uceNuRf78lBeI28kyWEbfr/Q2pE17POkwuZ6WWY/UMv8FL9iBxhW4xfDoNLM9UVZaTeUQ==

"@konghayao/cn-font-split@^4.15.0":
  version "4.15.0"
  resolved "https://registry.yarnpkg.com/@konghayao/cn-font-split/-/cn-font-split-4.15.0.tgz#765eebdf97b494439ec6a9e04f26efdd12da95c1"
  integrity sha512-vd9TqELl40/euttAgUbU4VQnoqedzzRal2jn4rhGKDbCgvgWHVwmGcegT/Z16dFsbfol2rEaVZT1WuaUfrxxSA==
  dependencies:
    "@chinese-fonts/font-contours" "^1.0.0"
    "@chinese-fonts/wawoff2" "2.0.6"
    "@japont/unicode-range" "^1.0.0"
    "@konghayao/harfbuzzjs" "8.3.1"
    "@konghayao/opentype.js" "2024.5.25"
    "@napi-rs/woff-build" "^0.2.0"
    byte-size "^8.1.1"
    font-sharp "^4.11.3"
    fs-extra "^11.1.1"
    md5 "^2.3.0"
    mri "^1.2.0"
    os-locale "^6.0.2"
    tslog "^4.9.2"
    workerpool "^9.1.1"

"@konghayao/harfbuzzjs@8.3.1":
  version "8.3.1"
  resolved "https://registry.yarnpkg.com/@konghayao/harfbuzzjs/-/harfbuzzjs-8.3.1.tgz#c6bfb02ff24f1b441b22bc249fef8e016e6d0b49"
  integrity sha512-w0MZaFTF7O4YtXvUH/brV9VqvY5OfYxlZ9xDtqM3vrAIyq/KAckvJHyqWeMdmMQ9aCqWRfgZOLfhX3HQivWdOg==

"@konghayao/opentype.js@2024.5.25":
  version "2024.5.25"
  resolved "https://registry.yarnpkg.com/@konghayao/opentype.js/-/opentype.js-2024.5.25.tgz#d050118e5ad5914bc7540f333bc24a6aa4f763e1"
  integrity sha512-v21TwE1gD/GsfD+6l941lQTMTjM3my8xZfvi9fcqmd04kM7561cKrosoJnSU2W0BrYjo3+hACWtSI/qlcAlVRQ==

"@napi-rs/wasm-runtime@^0.1.1":
  version "0.1.2"
  resolved "https://registry.yarnpkg.com/@napi-rs/wasm-runtime/-/wasm-runtime-0.1.2.tgz#cff8330e3728ab4447af82b67277f067132d341f"
  integrity sha512-8JuczewTFIZ/XIjHQ+YlQUydHvlKx2hkcxtuGwh+t/t5zWyZct6YG4+xjHcq8xyc/e7FmFwf42Zj2YgICwmlvA==
  dependencies:
    "@emnapi/core" "^1.1.0"
    "@emnapi/runtime" "^1.1.0"
    "@tybys/wasm-util" "^0.8.1"

"@napi-rs/woff-build-android-arm-eabi@0.2.0":
  version "0.2.0"
  resolved "https://registry.yarnpkg.com/@napi-rs/woff-build-android-arm-eabi/-/woff-build-android-arm-eabi-0.2.0.tgz#a6f9a3bfee51d7002536f1af1f46f79a087d76c8"
  integrity sha512-XQQKCCQIHXFPgwpSdUUB6Vz5cjGPfTR1dgIZmkQ+p8iZzw4NE02kfOVmapJX7UZMk+fJL7eZsrhJezEVeb4pdg==

"@napi-rs/woff-build-android-arm64@0.2.0":
  version "0.2.0"
  resolved "https://registry.yarnpkg.com/@napi-rs/woff-build-android-arm64/-/woff-build-android-arm64-0.2.0.tgz#943802f98d882bbd4907cf4e58cd738eda7cd7d2"
  integrity sha512-AO86H/XDg8pVW4Z7PFUahhW9hI0/oWytYPP1ePOZD2kbvXCQ1TJ6Yf5OdRSqIpoj5mQ+DoyHTYMxq6F0n5nTrg==

"@napi-rs/woff-build-darwin-arm64@0.2.0":
  version "0.2.0"
  resolved "https://registry.yarnpkg.com/@napi-rs/woff-build-darwin-arm64/-/woff-build-darwin-arm64-0.2.0.tgz#2ac70e62c48eae1a03a8ec3610912c5d4242a58e"
  integrity sha512-i0Mo+74+SE4MHPFpwwkqhQ4r3um7STg8160PS3l/ZY/0O9swgsmkgSSEI2q1EGeaSP3KoJXi93QCGFPVpgYG4A==

"@napi-rs/woff-build-darwin-x64@0.2.0":
  version "0.2.0"
  resolved "https://registry.yarnpkg.com/@napi-rs/woff-build-darwin-x64/-/woff-build-darwin-x64-0.2.0.tgz#880af18dff7ee40429a0fe1d9809acfa1a092071"
  integrity sha512-p1/ftT6dad1BrneCW9CMfmlkGUB/yljL44CMMCHyFtAu0YTL9fQgwjaifpM8Ak4Os3SczLJCVaYYcbznjoFCyA==

"@napi-rs/woff-build-linux-arm64-gnu@0.2.0":
  version "0.2.0"
  resolved "https://registry.yarnpkg.com/@napi-rs/woff-build-linux-arm64-gnu/-/woff-build-linux-arm64-gnu-0.2.0.tgz#ad936dec2a7a2460a02bf5c1eddcc71d7ccfa3ee"
  integrity sha512-oTM0dCJ6x37tsL4EHlzDK7wMl33zoIDJ9u3lecEG5iou9fe+orMU7ul5Sg3sBCvQ8tPZaymX8mp/wDiRNv7rzA==

"@napi-rs/woff-build-linux-arm64-musl@0.2.0":
  version "0.2.0"
  resolved "https://registry.yarnpkg.com/@napi-rs/woff-build-linux-arm64-musl/-/woff-build-linux-arm64-musl-0.2.0.tgz#c267c815282970353c391a11755ac5412f9799cb"
  integrity sha512-ELzvhRLRQZiVVIo4pQIHjs42aCAQ/0B6PuVbo3nAWdef09i0L05xgOYoxnTICm/9ttHNSHSVV+1IKSVBmlZNgw==

"@napi-rs/woff-build-linux-x64-gnu@0.2.0":
  version "0.2.0"
  resolved "https://registry.yarnpkg.com/@napi-rs/woff-build-linux-x64-gnu/-/woff-build-linux-x64-gnu-0.2.0.tgz#1d8bd480856c891a0d61a3db4d681bab9051f8f7"
  integrity sha512-rTfnLP87A49SFY6JexfNurGl5ynvm9IeH0l2XgFKOqaiPijospOchDbl8aYR9niVzJoOXWLXxLqMM11lA37c1A==

"@napi-rs/woff-build-linux-x64-musl@0.2.0":
  version "0.2.0"
  resolved "https://registry.yarnpkg.com/@napi-rs/woff-build-linux-x64-musl/-/woff-build-linux-x64-musl-0.2.0.tgz#925fb4ada229150c84c179f96ca757fe98d91210"
  integrity sha512-j4CJqFgtkff1tj7um8nxCPikthSjBrcGO3xJ7HQ/w00EcfOBDJMAW2/I2M/RGf1FNrgbQPDr+V0XqA8G0tRXSw==

"@napi-rs/woff-build-wasm32-wasi@0.2.0":
  version "0.2.0"
  resolved "https://registry.yarnpkg.com/@napi-rs/woff-build-wasm32-wasi/-/woff-build-wasm32-wasi-0.2.0.tgz#4839057a00fc9639ee5a329ce2edb66a7e676027"
  integrity sha512-iBOBkw7EvLW3XWP/z17+j9+KQhK0FSb77vE3AYnbPoagqLNcZjezoPo2wG6yQLAbDmage3iVTLbnRn1Rkrba5Q==
  dependencies:
    "@napi-rs/wasm-runtime" "^0.1.1"

"@napi-rs/woff-build-win32-arm64-msvc@0.2.0":
  version "0.2.0"
  resolved "https://registry.yarnpkg.com/@napi-rs/woff-build-win32-arm64-msvc/-/woff-build-win32-arm64-msvc-0.2.0.tgz#8b965699fb7ecaee664e37019b0dd5f94d6c8ec8"
  integrity sha512-T1qwe3MAKUD2cv9P8Ri0yV+EwWd2+sI2/Mq+M/NdLY+Bx+/2nsztrDq6CxGQvFb7oE8+rJrkrf9+JfEU2sC6Ew==

"@napi-rs/woff-build-win32-ia32-msvc@0.2.0":
  version "0.2.0"
  resolved "https://registry.yarnpkg.com/@napi-rs/woff-build-win32-ia32-msvc/-/woff-build-win32-ia32-msvc-0.2.0.tgz#939acbf84f4ebe1333bc889cac8660cc14f684ba"
  integrity sha512-aN8fPycrsdwYqKAJEZ0NVKCDx5JL+RUlSaaQigLKyBMR/iW1YE4+plzDVMBQKKN+ebR8RMrsV5eUpFvbi9sAZw==

"@napi-rs/woff-build-win32-x64-msvc@0.2.0":
  version "0.2.0"
  resolved "https://registry.yarnpkg.com/@napi-rs/woff-build-win32-x64-msvc/-/woff-build-win32-x64-msvc-0.2.0.tgz#b55fc04c0d269bb8480b413025827e95bf19460c"
  integrity sha512-6p5zjN239X6ca1uKBnXSBgT+s9hcMEBhrH4Dnf2zNTZW5CN/B15X16+tnpLHzNNgDthJQ8Rq9YmPQ/3v13lMWg==

"@napi-rs/woff-build@^0.2.0":
  version "0.2.0"
  resolved "https://registry.yarnpkg.com/@napi-rs/woff-build/-/woff-build-0.2.0.tgz#7c647d0a5853ad9010b95459f24b4b8013adf033"
  integrity sha512-ybRwbMiL3lbmIAHLzJnfplx4UzcDC6H1Dxbvn40HSv0EkGo3m936em1ehW5IMcbv24RP1fnVDcf6yYPBiVkAMQ==
  optionalDependencies:
    "@napi-rs/woff-build-android-arm-eabi" "0.2.0"
    "@napi-rs/woff-build-android-arm64" "0.2.0"
    "@napi-rs/woff-build-darwin-arm64" "0.2.0"
    "@napi-rs/woff-build-darwin-x64" "0.2.0"
    "@napi-rs/woff-build-linux-arm64-gnu" "0.2.0"
    "@napi-rs/woff-build-linux-arm64-musl" "0.2.0"
    "@napi-rs/woff-build-linux-x64-gnu" "0.2.0"
    "@napi-rs/woff-build-linux-x64-musl" "0.2.0"
    "@napi-rs/woff-build-wasm32-wasi" "0.2.0"
    "@napi-rs/woff-build-win32-arm64-msvc" "0.2.0"
    "@napi-rs/woff-build-win32-ia32-msvc" "0.2.0"
    "@napi-rs/woff-build-win32-x64-msvc" "0.2.0"

"@tybys/wasm-util@^0.8.1":
  version "0.8.3"
  resolved "https://registry.yarnpkg.com/@tybys/wasm-util/-/wasm-util-0.8.3.tgz#34dc6fd51bdc03524a27359137594bb15c59bba1"
  integrity sha512-Z96T/L6dUFFxgFJ+pQtkPpne9q7i6kIPYCFnQBHSgSPV9idTsKfIhCss0h5iM9irweZCatkrdeP8yi5uM1eX6Q==
  dependencies:
    tslib "^2.4.0"

byte-size@^8.1.1:
  version "8.2.1"
  resolved "https://registry.yarnpkg.com/byte-size/-/byte-size-8.2.1.tgz#b1adb6832a585994d33478f2031c12acbd8476b2"
  integrity sha512-pph2jjc3PxRLeB2nWfJy/tMiHnS6j7xhDlkglBp3KlchnJkILdZ2DmUyZ8svDJ5Z+q431vbhuoiuOvuGhY8fjw==

charenc@0.0.2:
  version "0.0.2"
  resolved "https://registry.yarnpkg.com/charenc/-/charenc-0.0.2.tgz#c0a1d2f3a7092e03774bfa83f14c0fc5790a8667"
  integrity sha512-yrLQ/yVUFXkzg7EDQsPieE/53+0RlaWTs+wBrvW36cyilJ2SaDWfl4Yj7MtLTXleV9uEKefbAGUPv2/iWSooRA==

crypt@0.0.2:
  version "0.0.2"
  resolved "https://registry.yarnpkg.com/crypt/-/crypt-0.0.2.tgz#88d7ff7ec0dfb86f713dc87bbb42d044d3e6c41b"
  integrity sha512-mCxBlsHFYh9C+HVpiEacem8FEBnMXgU9gy4zmNC+SXAZNB/1idgp/aulFJ4FgCi7GPEVbfyng092GqL2k2rmow==

font-sharp@^4.11.3:
  version "4.11.3"
  resolved "https://registry.yarnpkg.com/font-sharp/-/font-sharp-4.11.3.tgz#3a9de0d9f60cee7acec75fa3780bea6ceccc07ac"
  integrity sha512-XnLHdbQHsJjUq9vPpL2/q4eviYfSEjoWblxKdSPxNrWUmn/uZBJEtXMzxN282CSXoCIrvbo9k3LlBRFvHtorZQ==

fs-extra@^11.1.1:
  version "11.2.0"
  resolved "https://registry.yarnpkg.com/fs-extra/-/fs-extra-11.2.0.tgz#e70e17dfad64232287d01929399e0ea7c86b0e5b"
  integrity sha512-PmDi3uwK5nFuXh7XDTlVnS17xJS7vW36is2+w3xcv8SVxiB4NyATf4ctkVY5bkSjX0Y4nbvZCq1/EjtEyr9ktw==
  dependencies:
    graceful-fs "^4.2.0"
    jsonfile "^6.0.1"
    universalify "^2.0.0"

graceful-fs@^4.1.6, graceful-fs@^4.2.0:
  version "4.2.11"
  resolved "https://registry.yarnpkg.com/graceful-fs/-/graceful-fs-4.2.11.tgz#4183e4e8bf08bb6e05bbb2f7d2e0c8f712ca40e3"
  integrity sha512-RbJ5/jmFcNNCcDV5o9eTnBLJ/HszWV0P73bc+Ff4nS/rJj+YaS6IGyiOL0VoBYX+l1Wrl3k63h/KrH+nhJ0XvQ==

invert-kv@^3.0.0:
  version "3.0.1"
  resolved "https://registry.yarnpkg.com/invert-kv/-/invert-kv-3.0.1.tgz#a93c7a3d4386a1dc8325b97da9bb1620c0282523"
  integrity sha512-CYdFeFexxhv/Bcny+Q0BfOV+ltRlJcd4BBZBYFX/O0u4npJrgZtIcjokegtiSMAvlMTJ+Koq0GBCc//3bueQxw==

is-buffer@~1.1.6:
  version "1.1.6"
  resolved "https://registry.yarnpkg.com/is-buffer/-/is-buffer-1.1.6.tgz#efaa2ea9daa0d7ab2ea13a97b2b8ad51fefbe8be"
  integrity sha512-NcdALwpXkTm5Zvvbk7owOUSvVvBKDgKP5/ewfXEznmQFfs4ZRmanOeKBTjRVjka3QFoN6XJ+9F3USqfHqTaU5w==

jsonfile@^6.0.1:
  version "6.1.0"
  resolved "https://registry.yarnpkg.com/jsonfile/-/jsonfile-6.1.0.tgz#bc55b2634793c679ec6403094eb13698a6ec0aae"
  integrity sha512-5dgndWOriYSm5cnYaJNhalLNDKOqFwyDB/rr1E9ZsGciGvKPs8R2xYGCacuf3z6K1YKDz182fd+fY3cn3pMqXQ==
  dependencies:
    universalify "^2.0.0"
  optionalDependencies:
    graceful-fs "^4.1.6"

lcid@^3.1.1:
  version "3.1.1"
  resolved "https://registry.yarnpkg.com/lcid/-/lcid-3.1.1.tgz#9030ec479a058fc36b5e8243ebaac8b6ac582fd0"
  integrity sha512-M6T051+5QCGLBQb8id3hdvIW8+zeFV2FyBGFS9IEK5H9Wt4MueD4bW1eWikpHgZp+5xR3l5c8pZUkQsIA0BFZg==
  dependencies:
    invert-kv "^3.0.0"

md5@^2.3.0:
  version "2.3.0"
  resolved "https://registry.yarnpkg.com/md5/-/md5-2.3.0.tgz#c3da9a6aae3a30b46b7b0c349b87b110dc3bda4f"
  integrity sha512-T1GITYmFaKuO91vxyoQMFETst+O71VUPEU3ze5GNzDm0OWdP8v1ziTaAEPUr/3kLsY3Sftgz242A1SetQiDL7g==
  dependencies:
    charenc "0.0.2"
    crypt "0.0.2"
    is-buffer "~1.1.6"

mri@^1.2.0:
  version "1.2.0"
  resolved "https://registry.yarnpkg.com/mri/-/mri-1.2.0.tgz#6721480fec2a11a4889861115a48b6cbe7cc8f0b"
  integrity sha512-tzzskb3bG8LvYGFF/mDTpq3jpI6Q9wc3LEmBaghu+DdCssd1FakN7Bc0hVNmEyGq1bq3RgfkCb3cmQLpNPOroA==

os-locale@^6.0.2:
  version "6.0.2"
  resolved "https://registry.yarnpkg.com/os-locale/-/os-locale-6.0.2.tgz#2e5122600f48cd9b846524c07f898db1c596bf20"
  integrity sha512-qIb8bzRqaN/vVqEYZ7lTAg6PonskO7xOmM7OClD28F6eFa4s5XGe4bGpHUHMoCHbNNuR0pDYFeSLiW5bnjWXIA==
  dependencies:
    lcid "^3.1.1"

tslib@^2.4.0:
  version "2.6.3"
  resolved "https://registry.yarnpkg.com/tslib/-/tslib-2.6.3.tgz#0438f810ad7a9edcde7a241c3d80db693c8cbfe0"
  integrity sha512-xNvxJEOUiWPGhUuUdQgAJPKOOJfGnIyKySOc09XkKsgdUV/3E2zvwZYdejjmRgPCgcym1juLH3226yA7sEFJKQ==

tslog@^4.9.2:
  version "4.9.3"
  resolved "https://registry.yarnpkg.com/tslog/-/tslog-4.9.3.tgz#d4167d5f51748bdeab593945bc2d8f9827ea0dba"
  integrity sha512-oDWuGVONxhVEBtschLf2cs/Jy8i7h1T+CpdkTNWQgdAF7DhRo2G8vMCgILKe7ojdEkLhICWgI1LYSSKaJsRgcw==

universalify@^2.0.0:
  version "2.0.1"
  resolved "https://registry.yarnpkg.com/universalify/-/universalify-2.0.1.tgz#168efc2180964e6386d061e094df61afe239b18d"
  integrity sha512-gptHNQghINnc/vTGIk0SOFGFNXw7JVrlRUtConJRlvaw6DuX0wO5Jeko9sWrMBhh+PsYAZ7oXAiOnf/UKogyiw==

workerpool@^9.1.1:
  version "9.1.3"
  resolved "https://registry.yarnpkg.com/workerpool/-/workerpool-9.1.3.tgz#34b81f50f777a0e549c6dfaa0926575735e3f4b4"
  integrity sha512-LhUrk4tbxJRDQmRrrFWA9EnboXI79fe0ZNTy3u8m+dqPN1EkVSIsQYAB8OF/fkyhG8Rtup+c/bzj/+bzbG8fqg==
